
Microsoft Visual Studio Solution File, Format Version 12.00
# Visual Studio Version 16
VisualStudioVersion = 16.0.30104.148
MinimumVisualStudioVersion = 10.0.40219.1
Project("{FAE04EC0-301F-11D3-BF4B-00C04F79EFBC}") = "ConclaveAnalyzer", "ConclaveAnalyzer.csproj", "{A554E4BC-2FCF-44B1-A35F-AFFD767418AA}"
EndProject
Global
	GlobalSection(SolutionConfigurationPlatforms) = preSolution
		Debug|Any CPU = Debug|Any CPU
		Release|Any CPU = Release|Any CPU
	EndGlobalSection
	GlobalSection(ProjectConfigurationPlatforms) = postSolution
		{A554E4BC-2FCF-44B1-A35F-AFFD767418AA}.Debug|Any CPU.ActiveCfg = Debug|Any CPU
		{A554E4BC-2FCF-44B1-A35F-AFFD767418AA}.Debug|Any CPU.Build.0 = Debug|Any CPU
		{A554E4BC-2FCF-44B1-A35F-AFFD767418AA}.Release|Any CPU.ActiveCfg = Release|Any CPU
		{A554E4BC-2FCF-44B1-A35F-AFFD767418AA}.Release|Any CPU.Build.0 = Release|Any CPU
	EndGlobalSection
	GlobalSection(SolutionProperties) = preSolution
		HideSolutionNode = FALSE
	EndGlobalSection
	GlobalSection(ExtensibilityGlobals) = postSolution
		SolutionGuid = {1CEFE5B9-12F1-49CC-A7BE-0B5AEF751527}
	EndGlobalSection
EndGlobal
